# This file is generated by gyllir, and records the exact dependency versions the package was
# last resolved with. It is meant to be committed, and not to be edited by hand.
lock-version = 1

[[package]]
name = "ymirc"
url = "git:https://github.com/GNU-Ymir/bootstrap.git"
version = "master"
sha = "ea890e0007a7520737dbf8de0f827331bbfad6dd"
